
Microsoft Visual Studio Solution File, Format Version 12.00
# Visual Studio 15
VisualStudioVersion = 15.0.26430.4
MinimumVisualStudioVersion = 10.0.40219.1
Project("{FAE04EC0-301F-11D3-BF4B-00C04F79EFBC}") = "TerceraEntrega", "TerceraEntrega\TerceraEntrega.csproj", "{369F527F-7186-4BEE-B262-90A4B45DD9D1}"
EndProject
Project("{FAE04EC0-301F-11D3-BF4B-00C04F79EFBC}") = "TerceraEntrega.BL", "TerceraEntrega.BL\TerceraEntrega.BL.csproj", "{E5F1AE88-62D7-4C1D-B9F2-CBEE696CCE02}"
EndProject
Project("{FAE04EC0-301F-11D3-BF4B-00C04F79EFBC}") = "TerceraEntrega.Domain", "TerceraEntrega.Domain\TerceraEntrega.Domain.csproj", "{98997F5A-D97B-4D67-AA64-65DF4C35917E}"
EndProject
Project("{FAE04EC0-301F-11D3-BF4B-00C04F79EFBC}") = "TerceraEntrega.DA", "TerceraEntrega.DA\TerceraEntrega.DA.csproj", "{009E8070-E24E-4282-A5F8-8D2B21EE75FD}"
EndProject
Global
	GlobalSection(SolutionConfigurationPlatforms) = preSolution
		Debug|Any CPU = Debug|Any CPU
		Release|Any CPU = Release|Any CPU
	EndGlobalSection
	GlobalSection(ProjectConfigurationPlatforms) = postSolution
		{369F527F-7186-4BEE-B262-90A4B45DD9D1}.Debug|Any CPU.ActiveCfg = Debug|Any CPU
		{369F527F-7186-4BEE-B262-90A4B45DD9D1}.Debug|Any CPU.Build.0 = Debug|Any CPU
		{369F527F-7186-4BEE-B262-90A4B45DD9D1}.Release|Any CPU.ActiveCfg = Release|Any CPU
		{369F527F-7186-4BEE-B262-90A4B45DD9D1}.Release|Any CPU.Build.0 = Release|Any CPU
		{E5F1AE88-62D7-4C1D-B9F2-CBEE696CCE02}.Debug|Any CPU.ActiveCfg = Debug|Any CPU
		{E5F1AE88-62D7-4C1D-B9F2-CBEE696CCE02}.Debug|Any CPU.Build.0 = Debug|Any CPU
		{E5F1AE88-62D7-4C1D-B9F2-CBEE696CCE02}.Release|Any CPU.ActiveCfg = Release|Any CPU
		{E5F1AE88-62D7-4C1D-B9F2-CBEE696CCE02}.Release|Any CPU.Build.0 = Release|Any CPU
		{98997F5A-D97B-4D67-AA64-65DF4C35917E}.Debug|Any CPU.ActiveCfg = Debug|Any CPU
		{98997F5A-D97B-4D67-AA64-65DF4C35917E}.Debug|Any CPU.Build.0 = Debug|Any CPU
		{98997F5A-D97B-4D67-AA64-65DF4C35917E}.Release|Any CPU.ActiveCfg = Release|Any CPU
		{98997F5A-D97B-4D67-AA64-65DF4C35917E}.Release|Any CPU.Build.0 = Release|Any CPU
		{009E8070-E24E-4282-A5F8-8D2B21EE75FD}.Debug|Any CPU.ActiveCfg = Debug|Any CPU
		{009E8070-E24E-4282-A5F8-8D2B21EE75FD}.Debug|Any CPU.Build.0 = Debug|Any CPU
		{009E8070-E24E-4282-A5F8-8D2B21EE75FD}.Release|Any CPU.ActiveCfg = Release|Any CPU
		{009E8070-E24E-4282-A5F8-8D2B21EE75FD}.Release|Any CPU.Build.0 = Release|Any CPU
	EndGlobalSection
	GlobalSection(SolutionProperties) = preSolution
		HideSolutionNode = FALSE
	EndGlobalSection
EndGlobal
